
Microsoft Visual Studio Solution File, Format Version 12.00
# Visual Studio 15
VisualStudioVersion = 15.0.27703.2042
MinimumVisualStudioVersion = 10.0.40219.1
Project("{FAE04EC0-301F-11D3-BF4B-00C04F79EFBC}") = "Avalonia.HamburgerMenu", "Avalonia.HamburgerMenu\Avalonia.HamburgerMenu.csproj", "{CF9B1D93-079D-491D-857D-9B23D8C43512}"
EndProject
Global
	GlobalSection(SolutionConfigurationPlatforms) = preSolution
		Debug|Any CPU = Debug|Any CPU
		Release|Any CPU = Release|Any CPU
	EndGlobalSection
	GlobalSection(ProjectConfigurationPlatforms) = postSolution
		{CF9B1D93-079D-491D-857D-9B23D8C43512}.Debug|Any CPU.ActiveCfg = Debug|Any CPU
		{CF9B1D93-079D-491D-857D-9B23D8C43512}.Debug|Any CPU.Build.0 = Debug|Any CPU
		{CF9B1D93-079D-491D-857D-9B23D8C43512}.Release|Any CPU.ActiveCfg = Release|Any CPU
		{CF9B1D93-079D-491D-857D-9B23D8C43512}.Release|Any CPU.Build.0 = Release|Any CPU
	EndGlobalSection
	GlobalSection(SolutionProperties) = preSolution
		HideSolutionNode = FALSE
	EndGlobalSection
	GlobalSection(ExtensibilityGlobals) = postSolution
		SolutionGuid = {8C1C2C78-FF71-4D5B-BD27-2FE58113F587}
	EndGlobalSection
EndGlobal
